
Microsoft Visual Studio Solution File, Format Version 12.00
# Visual Studio Version 17
VisualStudioVersion = 17.0.31903.59
MinimumVisualStudioVersion = 10.0.40219.1
Project("{2150E333-8FDC-42A3-9474-1A3956D46DE8}") = "src", "src", "{827E0CD3-B72D-47B6-A68D-7590B98EB39B}"
EndProject
Project("{2150E333-8FDC-42A3-9474-1A3956D46DE8}") = "ProductService", "ProductService", "{F34E43FA-627A-8966-7BCB-0DBE3D5440B1}"
EndProject
Project("{FAE04EC0-301F-11D3-BF4B-00C04F79EFBC}") = "ProductService.Domain", "src\ProductService\ProductService.Domain\ProductService.Domain.csproj", "{76AFCB60-F8C9-4B52-82FD-D902F3A5DC16}"
EndProject
Project("{FAE04EC0-301F-11D3-BF4B-00C04F79EFBC}") = "ProductService.Application", "src\ProductService\ProductService.Application\ProductService.Application.csproj", "{D43557E2-C57C-48D6-A3B3-D7DDDD8AD2EA}"
EndProject
Project("{FAE04EC0-301F-11D3-BF4B-00C04F79EFBC}") = "ProductService.Infrastructure", "src\ProductService\ProductService.Infrastructure\ProductService.Infrastructure.csproj", "{7A783BF9-1213-4C63-9A44-05E06B5EE136}"
EndProject
Project("{FAE04EC0-301F-11D3-BF4B-00C04F79EFBC}") = "ProductService.Api", "src\ProductService\ProductService.Api\ProductService.Api.csproj", "{5F07599D-E898-4B83-853D-9AA984EB73A4}"
EndProject
Project("{2150E333-8FDC-42A3-9474-1A3956D46DE8}") = "OrderService", "OrderService", "{D5064FC8-1F49-54B6-E1C8-B23A6140528A}"
EndProject
Project("{FAE04EC0-301F-11D3-BF4B-00C04F79EFBC}") = "OrderService.Domain", "src\OrderService\OrderService.Domain\OrderService.Domain.csproj", "{F9D5ECCD-A23E-4B67-8C2C-EF56BA7BC1B0}"
EndProject
Project("{FAE04EC0-301F-11D3-BF4B-00C04F79EFBC}") = "OrderService.Application", "src\OrderService\OrderService.Application\OrderService.Application.csproj", "{5C68DE54-2F12-4086-83D9-EAC190859D97}"
EndProject
Project("{FAE04EC0-301F-11D3-BF4B-00C04F79EFBC}") = "OrderService.Infrastructure", "src\OrderService\OrderService.Infrastructure\OrderService.Infrastructure.csproj", "{4845D285-699C-4299-B242-978F39E92032}"
EndProject
Project("{FAE04EC0-301F-11D3-BF4B-00C04F79EFBC}") = "OrderService.Api", "src\OrderService\OrderService.Api\OrderService.Api.csproj", "{56411075-140F-4348-AB00-9333AF0F0BF5}"
EndProject
Project("{2150E333-8FDC-42A3-9474-1A3956D46DE8}") = "tests", "tests", "{0AB3BF05-4346-4AA6-1389-037BE0695223}"
EndProject
Project("{FAE04EC0-301F-11D3-BF4B-00C04F79EFBC}") = "ProductService.Tests", "tests\ProductService.Tests\ProductService.Tests.csproj", "{57C46597-C783-4EF9-B4C8-3143DA819EAC}"
EndProject
Project("{FAE04EC0-301F-11D3-BF4B-00C04F79EFBC}") = "OrderService.Tests", "tests\OrderService.Tests\OrderService.Tests.csproj", "{C81ECA87-6597-4DA3-B3FF-99B591A094D6}"
EndProject
Global
	GlobalSection(SolutionConfigurationPlatforms) = preSolution
		Debug|Any CPU = Debug|Any CPU
		Debug|x64 = Debug|x64
		Debug|x86 = Debug|x86
		Release|Any CPU = Release|Any CPU
		Release|x64 = Release|x64
		Release|x86 = Release|x86
	EndGlobalSection
	GlobalSection(ProjectConfigurationPlatforms) = postSolution
		{76AFCB60-F8C9-4B52-82FD-D902F3A5DC16}.Debug|Any CPU.ActiveCfg = Debug|Any CPU
		{76AFCB60-F8C9-4B52-82FD-D902F3A5DC16}.Debug|Any CPU.Build.0 = Debug|Any CPU
		{76AFCB60-F8C9-4B52-82FD-D902F3A5DC16}.Debug|x64.ActiveCfg = Debug|Any CPU
		{76AFCB60-F8C9-4B52-82FD-D902F3A5DC16}.Debug|x64.Build.0 = Debug|Any CPU
		{76AFCB60-F8C9-4B52-82FD-D902F3A5DC16}.Debug|x86.ActiveCfg = Debug|Any CPU
		{76AFCB60-F8C9-4B52-82FD-D902F3A5DC16}.Debug|x86.Build.0 = Debug|Any CPU
		{76AFCB60-F8C9-4B52-82FD-D902F3A5DC16}.Release|Any CPU.ActiveCfg = Release|Any CPU
		{76AFCB60-F8C9-4B52-82FD-D902F3A5DC16}.Release|Any CPU.Build.0 = Release|Any CPU
		{76AFCB60-F8C9-4B52-82FD-D902F3A5DC16}.Release|x64.ActiveCfg = Release|Any CPU
		{76AFCB60-F8C9-4B52-82FD-D902F3A5DC16}.Release|x64.Build.0 = Release|Any CPU
		{76AFCB60-F8C9-4B52-82FD-D902F3A5DC16}.Release|x86.ActiveCfg = Release|Any CPU
		{76AFCB60-F8C9-4B52-82FD-D902F3A5DC16}.Release|x86.Build.0 = Release|Any CPU
		{D43557E2-C57C-48D6-A3B3-D7DDDD8AD2EA}.Debug|Any CPU.ActiveCfg = Debug|Any CPU
		{D43557E2-C57C-48D6-A3B3-D7DDDD8AD2EA}.Debug|Any CPU.Build.0 = Debug|Any CPU
		{D43557E2-C57C-48D6-A3B3-D7DDDD8AD2EA}.Debug|x64.ActiveCfg = Debug|Any CPU
		{D43557E2-C57C-48D6-A3B3-D7DDDD8AD2EA}.Debug|x64.Build.0 = Debug|Any CPU
		{D43557E2-C57C-48D6-A3B3-D7DDDD8AD2EA}.Debug|x86.ActiveCfg = Debug|Any CPU
		{D43557E2-C57C-48D6-A3B3-D7DDDD8AD2EA}.Debug|x86.Build.0 = Debug|Any CPU
		{D43557E2-C57C-48D6-A3B3-D7DDDD8AD2EA}.Release|Any CPU.ActiveCfg = Release|Any CPU
		{D43557E2-C57C-48D6-A3B3-D7DDDD8AD2EA}.Release|Any CPU.Build.0 = Release|Any CPU
		{D43557E2-C57C-48D6-A3B3-D7DDDD8AD2EA}.Release|x64.ActiveCfg = Release|Any CPU
		{D43557E2-C57C-48D6-A3B3-D7DDDD8AD2EA}.Release|x64.Build.0 = Release|Any CPU
		{D43557E2-C57C-48D6-A3B3-D7DDDD8AD2EA}.Release|x86.ActiveCfg = Release|Any CPU
		{D43557E2-C57C-48D6-A3B3-D7DDDD8AD2EA}.Release|x86.Build.0 = Release|Any CPU
		{7A783BF9-1213-4C63-9A44-05E06B5EE136}.Debug|Any CPU.ActiveCfg = Debug|Any CPU
		{7A783BF9-1213-4C63-9A44-05E06B5EE136}.Debug|Any CPU.Build.0 = Debug|Any CPU
		{7A783BF9-1213-4C63-9A44-05E06B5EE136}.Debug|x64.ActiveCfg = Debug|Any CPU
		{7A783BF9-1213-4C63-9A44-05E06B5EE136}.Debug|x64.Build.0 = Debug|Any CPU
		{7A783BF9-1213-4C63-9A44-05E06B5EE136}.Debug|x86.ActiveCfg = Debug|Any CPU
		{7A783BF9-1213-4C63-9A44-05E06B5EE136}.Debug|x86.Build.0 = Debug|Any CPU
		{7A783BF9-1213-4C63-9A44-05E06B5EE136}.Release|Any CPU.ActiveCfg = Release|Any CPU
		{7A783BF9-1213-4C63-9A44-05E06B5EE136}.Release|Any CPU.Build.0 = Release|Any CPU
		{7A783BF9-1213-4C63-9A44-05E06B5EE136}.Release|x64.ActiveCfg = Release|Any CPU
		{7A783BF9-1213-4C63-9A44-05E06B5EE136}.Release|x64.Build.0 = Release|Any CPU
		{7A783BF9-1213-4C63-9A44-05E06B5EE136}.Release|x86.ActiveCfg = Release|Any CPU
		{7A783BF9-1213-4C63-9A44-05E06B5EE136}.Release|x86.Build.0 = Release|Any CPU
		{5F07599D-E898-4B83-853D-9AA984EB73A4}.Debug|Any CPU.ActiveCfg = Debug|Any CPU
		{5F07599D-E898-4B83-853D-9AA984EB73A4}.Debug|Any CPU.Build.0 = Debug|Any CPU
		{5F07599D-E898-4B83-853D-9AA984EB73A4}.Debug|x64.ActiveCfg = Debug|Any CPU
		{5F07599D-E898-4B83-853D-9AA984EB73A4}.Debug|x64.Build.0 = Debug|Any CPU
		{5F07599D-E898-4B83-853D-9AA984EB73A4}.Debug|x86.ActiveCfg = Debug|Any CPU
		{5F07599D-E898-4B83-853D-9AA984EB73A4}.Debug|x86.Build.0 = Debug|Any CPU
		{5F07599D-E898-4B83-853D-9AA984EB73A4}.Release|Any CPU.ActiveCfg = Release|Any CPU
		{5F07599D-E898-4B83-853D-9AA984EB73A4}.Release|Any CPU.Build.0 = Release|Any CPU
		{5F07599D-E898-4B83-853D-9AA984EB73A4}.Release|x64.ActiveCfg = Release|Any CPU
		{5F07599D-E898-4B83-853D-9AA984EB73A4}.Release|x64.Build.0 = Release|Any CPU
		{5F07599D-E898-4B83-853D-9AA984EB73A4}.Release|x86.ActiveCfg = Release|Any CPU
		{5F07599D-E898-4B83-853D-9AA984EB73A4}.Release|x86.Build.0 = Release|Any CPU
		{F9D5ECCD-A23E-4B67-8C2C-EF56BA7BC1B0}.Debug|Any CPU.ActiveCfg = Debug|Any CPU
		{F9D5ECCD-A23E-4B67-8C2C-EF56BA7BC1B0}.Debug|Any CPU.Build.0 = Debug|Any CPU
		{F9D5ECCD-A23E-4B67-8C2C-EF56BA7BC1B0}.Debug|x64.ActiveCfg = Debug|Any CPU
		{F9D5ECCD-A23E-4B67-8C2C-EF56BA7BC1B0}.Debug|x64.Build.0 = Debug|Any CPU
		{F9D5ECCD-A23E-4B67-8C2C-EF56BA7BC1B0}.Debug|x86.ActiveCfg = Debug|Any CPU
		{F9D5ECCD-A23E-4B67-8C2C-EF56BA7BC1B0}.Debug|x86.Build.0 = Debug|Any CPU
		{F9D5ECCD-A23E-4B67-8C2C-EF56BA7BC1B0}.Release|Any CPU.ActiveCfg = Release|Any CPU
		{F9D5ECCD-A23E-4B67-8C2C-EF56BA7BC1B0}.Release|Any CPU.Build.0 = Release|Any CPU
		{F9D5ECCD-A23E-4B67-8C2C-EF56BA7BC1B0}.Release|x64.ActiveCfg = Release|Any CPU
		{F9D5ECCD-A23E-4B67-8C2C-EF56BA7BC1B0}.Release|x64.Build.0 = Release|Any CPU
		{F9D5ECCD-A23E-4B67-8C2C-EF56BA7BC1B0}.Release|x86.ActiveCfg = Release|Any CPU
		{F9D5ECCD-A23E-4B67-8C2C-EF56BA7BC1B0}.Release|x86.Build.0 = Release|Any CPU
		{5C68DE54-2F12-4086-83D9-EAC190859D97}.Debug|Any CPU.ActiveCfg = Debug|Any CPU
		{5C68DE54-2F12-4086-83D9-EAC190859D97}.Debug|Any CPU.Build.0 = Debug|Any CPU
		{5C68DE54-2F12-4086-83D9-EAC190859D97}.Debug|x64.ActiveCfg = Debug|Any CPU
		{5C68DE54-2F12-4086-83D9-EAC190859D97}.Debug|x64.Build.0 = Debug|Any CPU
		{5C68DE54-2F12-4086-83D9-EAC190859D97}.Debug|x86.ActiveCfg = Debug|Any CPU
		{5C68DE54-2F12-4086-83D9-EAC190859D97}.Debug|x86.Build.0 = Debug|Any CPU
		{5C68DE54-2F12-4086-83D9-EAC190859D97}.Release|Any CPU.ActiveCfg = Release|Any CPU
		{5C68DE54-2F12-4086-83D9-EAC190859D97}.Release|Any CPU.Build.0 = Release|Any CPU
		{5C68DE54-2F12-4086-83D9-EAC190859D97}.Release|x64.ActiveCfg = Release|Any CPU
		{5C68DE54-2F12-4086-83D9-EAC190859D97}.Release|x64.Build.0 = Release|Any CPU
		{5C68DE54-2F12-4086-83D9-EAC190859D97}.Release|x86.ActiveCfg = Release|Any CPU
		{5C68DE54-2F12-4086-83D9-EAC190859D97}.Release|x86.Build.0 = Release|Any CPU
		{4845D285-699C-4299-B242-978F39E92032}.Debug|Any CPU.ActiveCfg = Debug|Any CPU
		{4845D285-699C-4299-B242-978F39E92032}.Debug|Any CPU.Build.0 = Debug|Any CPU
		{4845D285-699C-4299-B242-978F39E92032}.Debug|x64.ActiveCfg = Debug|Any CPU
		{4845D285-699C-4299-B242-978F39E92032}.Debug|x64.Build.0 = Debug|Any CPU
		{4845D285-699C-4299-B242-978F39E92032}.Debug|x86.ActiveCfg = Debug|Any CPU
		{4845D285-699C-4299-B242-978F39E92032}.Debug|x86.Build.0 = Debug|Any CPU
		{4845D285-699C-4299-B242-978F39E92032}.Release|Any CPU.ActiveCfg = Release|Any CPU
		{4845D285-699C-4299-B242-978F39E92032}.Release|Any CPU.Build.0 = Release|Any CPU
		{4845D285-699C-4299-B242-978F39E92032}.Release|x64.ActiveCfg = Release|Any CPU
		{4845D285-699C-4299-B242-978F39E92032}.Release|x64.Build.0 = Release|Any CPU
		{4845D285-699C-4299-B242-978F39E92032}.Release|x86.ActiveCfg = Release|Any CPU
		{4845D285-699C-4299-B242-978F39E92032}.Release|x86.Build.0 = Release|Any CPU
		{56411075-140F-4348-AB00-9333AF0F0BF5}.Debug|Any CPU.ActiveCfg = Debug|Any CPU
		{56411075-140F-4348-AB00-9333AF0F0BF5}.Debug|Any CPU.Build.0 = Debug|Any CPU
		{56411075-140F-4348-AB00-9333AF0F0BF5}.Debug|x64.ActiveCfg = Debug|Any CPU
		{56411075-140F-4348-AB00-9333AF0F0BF5}.Debug|x64.Build.0 = Debug|Any CPU
		{56411075-140F-4348-AB00-9333AF0F0BF5}.Debug|x86.ActiveCfg = Debug|Any CPU
		{56411075-140F-4348-AB00-9333AF0F0BF5}.Debug|x86.Build.0 = Debug|Any CPU
		{56411075-140F-4348-AB00-9333AF0F0BF5}.Release|Any CPU.ActiveCfg = Release|Any CPU
		{56411075-140F-4348-AB00-9333AF0F0BF5}.Release|Any CPU.Build.0 = Release|Any CPU
		{56411075-140F-4348-AB00-9333AF0F0BF5}.Release|x64.ActiveCfg = Release|Any CPU
		{56411075-140F-4348-AB00-9333AF0F0BF5}.Release|x64.Build.0 = Release|Any CPU
		{56411075-140F-4348-AB00-9333AF0F0BF5}.Release|x86.ActiveCfg = Release|Any CPU
		{56411075-140F-4348-AB00-9333AF0F0BF5}.Release|x86.Build.0 = Release|Any CPU
		{57C46597-C783-4EF9-B4C8-3143DA819EAC}.Debug|Any CPU.ActiveCfg = Debug|Any CPU
		{57C46597-C783-4EF9-B4C8-3143DA819EAC}.Debug|Any CPU.Build.0 = Debug|Any CPU
		{57C46597-C783-4EF9-B4C8-3143DA819EAC}.Debug|x64.ActiveCfg = Debug|Any CPU
		{57C46597-C783-4EF9-B4C8-3143DA819EAC}.Debug|x64.Build.0 = Debug|Any CPU
		{57C46597-C783-4EF9-B4C8-3143DA819EAC}.Debug|x86.ActiveCfg = Debug|Any CPU
		{57C46597-C783-4EF9-B4C8-3143DA819EAC}.Debug|x86.Build.0 = Debug|Any CPU
		{57C46597-C783-4EF9-B4C8-3143DA819EAC}.Release|Any CPU.ActiveCfg = Release|Any CPU
		{57C46597-C783-4EF9-B4C8-3143DA819EAC}.Release|Any CPU.Build.0 = Release|Any CPU
		{57C46597-C783-4EF9-B4C8-3143DA819EAC}.Release|x64.ActiveCfg = Release|Any CPU
		{57C46597-C783-4EF9-B4C8-3143DA819EAC}.Release|x64.Build.0 = Release|Any CPU
		{57C46597-C783-4EF9-B4C8-3143DA819EAC}.Release|x86.ActiveCfg = Release|Any CPU
		{57C46597-C783-4EF9-B4C8-3143DA819EAC}.Release|x86.Build.0 = Release|Any CPU
		{C81ECA87-6597-4DA3-B3FF-99B591A094D6}.Debug|Any CPU.ActiveCfg = Debug|Any CPU
		{C81ECA87-6597-4DA3-B3FF-99B591A094D6}.Debug|Any CPU.Build.0 = Debug|Any CPU
		{C81ECA87-6597-4DA3-B3FF-99B591A094D6}.Debug|x64.ActiveCfg = Debug|Any CPU
		{C81ECA87-6597-4DA3-B3FF-99B591A094D6}.Debug|x64.Build.0 = Debug|Any CPU
		{C81ECA87-6597-4DA3-B3FF-99B591A094D6}.Debug|x86.ActiveCfg = Debug|Any CPU
		{C81ECA87-6597-4DA3-B3FF-99B591A094D6}.Debug|x86.Build.0 = Debug|Any CPU
		{C81ECA87-6597-4DA3-B3FF-99B591A094D6}.Release|Any CPU.ActiveCfg = Release|Any CPU
		{C81ECA87-6597-4DA3-B3FF-99B591A094D6}.Release|Any CPU.Build.0 = Release|Any CPU
		{C81ECA87-6597-4DA3-B3FF-99B591A094D6}.Release|x64.ActiveCfg = Release|Any CPU
		{C81ECA87-6597-4DA3-B3FF-99B591A094D6}.Release|x64.Build.0 = Release|Any CPU
		{C81ECA87-6597-4DA3-B3FF-99B591A094D6}.Release|x86.ActiveCfg = Release|Any CPU
		{C81ECA87-6597-4DA3-B3FF-99B591A094D6}.Release|x86.Build.0 = Release|Any CPU
	EndGlobalSection
	GlobalSection(SolutionProperties) = preSolution
		HideSolutionNode = FALSE
	EndGlobalSection
	GlobalSection(NestedProjects) = preSolution
		{F34E43FA-627A-8966-7BCB-0DBE3D5440B1} = {827E0CD3-B72D-47B6-A68D-7590B98EB39B}
		{76AFCB60-F8C9-4B52-82FD-D902F3A5DC16} = {F34E43FA-627A-8966-7BCB-0DBE3D5440B1}
		{D43557E2-C57C-48D6-A3B3-D7DDDD8AD2EA} = {F34E43FA-627A-8966-7BCB-0DBE3D5440B1}
		{7A783BF9-1213-4C63-9A44-05E06B5EE136} = {F34E43FA-627A-8966-7BCB-0DBE3D5440B1}
		{5F07599D-E898-4B83-853D-9AA984EB73A4} = {F34E43FA-627A-8966-7BCB-0DBE3D5440B1}
		{D5064FC8-1F49-54B6-E1C8-B23A6140528A} = {827E0CD3-B72D-47B6-A68D-7590B98EB39B}
		{F9D5ECCD-A23E-4B67-8C2C-EF56BA7BC1B0} = {D5064FC8-1F49-54B6-E1C8-B23A6140528A}
		{5C68DE54-2F12-4086-83D9-EAC190859D97} = {D5064FC8-1F49-54B6-E1C8-B23A6140528A}
		{4845D285-699C-4299-B242-978F39E92032} = {D5064FC8-1F49-54B6-E1C8-B23A6140528A}
		{56411075-140F-4348-AB00-9333AF0F0BF5} = {D5064FC8-1F49-54B6-E1C8-B23A6140528A}
		{57C46597-C783-4EF9-B4C8-3143DA819EAC} = {0AB3BF05-4346-4AA6-1389-037BE0695223}
		{C81ECA87-6597-4DA3-B3FF-99B591A094D6} = {0AB3BF05-4346-4AA6-1389-037BE0695223}
	EndGlobalSection
EndGlobal
